
Microsoft Visual Studio Solution File, Format Version 12.00
# Visual Studio Version 17
VisualStudioVersion = 17.3.32825.248
MinimumVisualStudioVersion = 10.0.40219.1
Project("{FAE04EC0-301F-11D3-BF4B-00C04F79EFBC}") = "StreamApi", "StreamApi.csproj", "{7C29F035-79FB-4748-85DB-70E6CB54408C}"
EndProject
Global
	GlobalSection(SolutionConfigurationPlatforms) = preSolution
		Debug|Any CPU = Debug|Any CPU
		Release|Any CPU = Release|Any CPU
	EndGlobalSection
	GlobalSection(ProjectConfigurationPlatforms) = postSolution
		{7C29F035-79FB-4748-85DB-70E6CB54408C}.Debug|Any CPU.ActiveCfg = Debug|Any CPU
		{7C29F035-79FB-4748-85DB-70E6CB54408C}.Debug|Any CPU.Build.0 = Debug|Any CPU
		{7C29F035-79FB-4748-85DB-70E6CB54408C}.Release|Any CPU.ActiveCfg = Release|Any CPU
		{7C29F035-79FB-4748-85DB-70E6CB54408C}.Release|Any CPU.Build.0 = Release|Any CPU
	EndGlobalSection
	GlobalSection(SolutionProperties) = preSolution
		HideSolutionNode = FALSE
	EndGlobalSection
	GlobalSection(ExtensibilityGlobals) = postSolution
		SolutionGuid = {B8C628B2-97E0-4101-9890-3E808306157F}
	EndGlobalSection
EndGlobal
